
Microsoft Visual Studio Solution File, Format Version 12.00
# Visual Studio Version 17
VisualStudioVersion = 17.8.34330.188
MinimumVisualStudioVersion = 10.0.40219.1
Project("{FAE04EC0-301F-11D3-BF4B-00C04F79EFBC}") = "ClinicManagement.Api", "ClinicManagement.Api\ClinicManagement.Api.csproj", "{29873AB2-5516-4E8D-84B5-565052127353}"
EndProject
Global
	GlobalSection(SolutionConfigurationPlatforms) = preSolution
		Debug|Any CPU = Debug|Any CPU
		Release|Any CPU = Release|Any CPU
	EndGlobalSection
	GlobalSection(ProjectConfigurationPlatforms) = postSolution
		{29873AB2-5516-4E8D-84B5-565052127353}.Debug|Any CPU.ActiveCfg = Debug|Any CPU
		{29873AB2-5516-4E8D-84B5-565052127353}.Debug|Any CPU.Build.0 = Debug|Any CPU
		{29873AB2-5516-4E8D-84B5-565052127353}.Release|Any CPU.ActiveCfg = Release|Any CPU
		{29873AB2-5516-4E8D-84B5-565052127353}.Release|Any CPU.Build.0 = Release|Any CPU
	EndGlobalSection
	GlobalSection(SolutionProperties) = preSolution
		HideSolutionNode = FALSE
	EndGlobalSection
	GlobalSection(ExtensibilityGlobals) = postSolution
		SolutionGuid = {F59BDD69-9149-437C-87A2-CE872A6E9E47}
	EndGlobalSection
EndGlobal
